
Microsoft Visual Studio Solution File, Format Version 12.00
# Visual Studio 15
VisualStudioVersion = 15.0.28307.572
MinimumVisualStudioVersion = 10.0.40219.1
Project("{FAE04EC0-301F-11D3-BF4B-00C04F79EFBC}") = "iRevolution", "iRevolution\iRevolution.csproj", "{99D4E11F-78D4-4EC6-93CB-F676F6D27365}"
EndProject
Global
	GlobalSection(SolutionConfigurationPlatforms) = preSolution
		Debug|Any CPU = Debug|Any CPU
		Release|Any CPU = Release|Any CPU
	EndGlobalSection
	GlobalSection(ProjectConfigurationPlatforms) = postSolution
		{99D4E11F-78D4-4EC6-93CB-F676F6D27365}.Debug|Any CPU.ActiveCfg = Debug|Any CPU
		{99D4E11F-78D4-4EC6-93CB-F676F6D27365}.Debug|Any CPU.Build.0 = Debug|Any CPU
		{99D4E11F-78D4-4EC6-93CB-F676F6D27365}.Release|Any CPU.ActiveCfg = Release|Any CPU
		{99D4E11F-78D4-4EC6-93CB-F676F6D27365}.Release|Any CPU.Build.0 = Release|Any CPU
	EndGlobalSection
	GlobalSection(SolutionProperties) = preSolution
		HideSolutionNode = FALSE
	EndGlobalSection
	GlobalSection(ExtensibilityGlobals) = postSolution
		SolutionGuid = {CC59010B-3907-4A7D-B7C3-2057327B5F92}
	EndGlobalSection
EndGlobal
